<?xml version="1.0" encoding="utf-8"?>
<Project ToolsVersion="4.0" xmlns="http://schemas.microsoft.com/developer/msbuild/2003">
  <ItemGroup>
    <Filter Include="源文件">
      <UniqueIdentifier>{4FC737F1-C7A5-4376-A066-2A32D752A2FF}</UniqueIdentifier>
      <Extensions>cpp;c;cc;cxx;def;odl;idl;hpj;bat;asm;asmx</Extensions>
    </Filter>
    <Filter Include="头文件">
      <UniqueIdentifier>{93995380-89BD-4b04-88EB-625FBE52EBFB}</UniqueIdentifier>
      <Extensions>h;hpp;hxx;hm;inl;inc;xsd</Extensions>
    </Filter>
    <Filter Include="资源文件">
      <UniqueIdentifier>{67DA6AB6-F800-4c08-8B7A-83BB121AAD01}</UniqueIdentifier>
      <Extensions>rc;ico;cur;bmp;dlg;rc2;rct;bin;rgs;gif;jpg;jpeg;jpe;resx;tiff;tif;png;wav;mfcribbon-ms</Extensions>
    </Filter>
    <Filter Include="Skin">
      <UniqueIdentifier>{1a242855-2ad2-45b0-9b12-03c934500dae}</UniqueIdentifier>
    </Filter>
    <Filter Include="Skin\ProblemList">
      <UniqueIdentifier>{fef4d25e-d3d8-44c7-902e-c5b6ad8f9a69}</UniqueIdentifier>
    </Filter>
    <Filter Include="DBTools">
      <UniqueIdentifier>{e0050a2d-6318-42a3-9d78-b1d2f7f9dc5d}</UniqueIdentifier>
    </Filter>
  </ItemGroup>
  <ItemGroup>
    <None Include="ReadMe.txt" />
    <None Include="small.ico">
      <Filter>资源文件</Filter>
    </None>
    <None Include="BarPCMaster.ico">
      <Filter>资源文件</Filter>
    </None>
    <None Include="..\Bin\Skin\main_frame.xml">
      <Filter>Skin</Filter>
    </None>
    <None Include="..\Bin\Skin\problem_list\problem_list_group.xml">
      <Filter>Skin\ProblemList</Filter>
    </None>
    <None Include="..\Bin\Skin\problem_list\problem_list_item.xml">
      <Filter>Skin\ProblemList</Filter>
    </None>
  </ItemGroup>
  <ItemGroup>
    <ClInclude Include="stdafx.h">
      <Filter>头文件</Filter>
    </ClInclude>
    <ClInclude Include="targetver.h">
      <Filter>头文件</Filter>
    </ClInclude>
    <ClInclude Include="Resource.h">
      <Filter>头文件</Filter>
    </ClInclude>
    <ClInclude Include="BarPCMaster.h">
      <Filter>头文件</Filter>
    </ClInclude>
    <ClInclude Include="MainFrameWnd.h">
      <Filter>头文件</Filter>
    </ClInclude>
    <ClInclude Include="ControlNames.h">
      <Filter>头文件</Filter>
    </ClInclude>
    <ClInclude Include="UIProblemList.h">
      <Filter>头文件</Filter>
    </ClInclude>
    <ClInclude Include="Examination.h">
      <Filter>头文件</Filter>
    </ClInclude>
    <ClInclude Include="DBDataMgr.h">
      <Filter>DBTools</Filter>
    </ClInclude>
    <ClInclude Include="CppSQLite3U.h">
      <Filter>DBTools</Filter>
    </ClInclude>
  </ItemGroup>
  <ItemGroup>
    <ClCompile Include="stdafx.cpp">
      <Filter>源文件</Filter>
    </ClCompile>
    <ClCompile Include="BarPCMaster.cpp">
      <Filter>源文件</Filter>
    </ClCompile>
    <ClCompile Include="MainFrameWnd.cpp">
      <Filter>源文件</Filter>
    </ClCompile>
    <ClCompile Include="UIProblemList.cpp">
      <Filter>源文件</Filter>
    </ClCompile>
    <ClCompile Include="Examination.cpp">
      <Filter>源文件</Filter>
    </ClCompile>
    <ClCompile Include="DBDataMgr.cpp">
      <Filter>DBTools</Filter>
    </ClCompile>
    <ClCompile Include="CppSQLite3U.cpp">
      <Filter>DBTools</Filter>
    </ClCompile>
  </ItemGroup>
  <ItemGroup>
    <ResourceCompile Include="BarPCMaster.rc">
      <Filter>资源文件</Filter>
    </ResourceCompile>
  </ItemGroup>
</Project>